
Microsoft Visual Studio Solution File, Format Version 12.00
# Visual Studio 15
VisualStudioVersion = 15.0.28010.2048
MinimumVisualStudioVersion = 10.0.40219.1
Project("{FAE04EC0-301F-11D3-BF4B-00C04F79EFBC}") = "ComGraphCont_1", "ComGraphCont_1\ComGraphCont_1.csproj", "{BF0859D5-CA0A-4811-A9DA-197BAD0A2DEA}"
EndProject
Global
	GlobalSection(SolutionConfigurationPlatforms) = preSolution
		Debug|Any CPU = Debug|Any CPU
		Release|Any CPU = Release|Any CPU
	EndGlobalSection
	GlobalSection(ProjectConfigurationPlatforms) = postSolution
		{BF0859D5-CA0A-4811-A9DA-197BAD0A2DEA}.Debug|Any CPU.ActiveCfg = Debug|Any CPU
		{BF0859D5-CA0A-4811-A9DA-197BAD0A2DEA}.Debug|Any CPU.Build.0 = Debug|Any CPU
		{BF0859D5-CA0A-4811-A9DA-197BAD0A2DEA}.Release|Any CPU.ActiveCfg = Release|Any CPU
		{BF0859D5-CA0A-4811-A9DA-197BAD0A2DEA}.Release|Any CPU.Build.0 = Release|Any CPU
	EndGlobalSection
	GlobalSection(SolutionProperties) = preSolution
		HideSolutionNode = FALSE
	EndGlobalSection
	GlobalSection(ExtensibilityGlobals) = postSolution
		SolutionGuid = {F03E6110-5BEF-44D7-9FA2-D0B11124BFB0}
	EndGlobalSection
EndGlobal
